
Microsoft Visual Studio Solution File, Format Version 12.00
# Visual Studio 15
VisualStudioVersion = 15.0.26124.0
MinimumVisualStudioVersion = 15.0.26124.0
Project("{FAE04EC0-301F-11D3-BF4B-00C04F79EFBC}") = "API", "API\API.csproj", "{FACBCCFF-C032-45D2-B3DB-463BE6C3CD34}"
EndProject
Project("{FAE04EC0-301F-11D3-BF4B-00C04F79EFBC}") = "Application", "Application\Application.csproj", "{CA322CDB-A654-4539-8B48-38CA4DF3DBCF}"
EndProject
Project("{FAE04EC0-301F-11D3-BF4B-00C04F79EFBC}") = "Domain", "Domain\Domain.csproj", "{18C08E35-F5C5-413B-9D78-B2E4A72764F7}"
EndProject
Project("{FAE04EC0-301F-11D3-BF4B-00C04F79EFBC}") = "Persistent", "Persistent\Persistent.csproj", "{CA3FA863-6FB6-4348-98B8-6E4E2A4B07C1}"
EndProject
Global
	GlobalSection(SolutionConfigurationPlatforms) = preSolution
		Debug|Any CPU = Debug|Any CPU
		Debug|x64 = Debug|x64
		Debug|x86 = Debug|x86
		Release|Any CPU = Release|Any CPU
		Release|x64 = Release|x64
		Release|x86 = Release|x86
	EndGlobalSection
	GlobalSection(SolutionProperties) = preSolution
		HideSolutionNode = FALSE
	EndGlobalSection
	GlobalSection(ProjectConfigurationPlatforms) = postSolution
		{FACBCCFF-C032-45D2-B3DB-463BE6C3CD34}.Debug|Any CPU.ActiveCfg = Debug|Any CPU
		{FACBCCFF-C032-45D2-B3DB-463BE6C3CD34}.Debug|Any CPU.Build.0 = Debug|Any CPU
		{FACBCCFF-C032-45D2-B3DB-463BE6C3CD34}.Debug|x64.ActiveCfg = Debug|Any CPU
		{FACBCCFF-C032-45D2-B3DB-463BE6C3CD34}.Debug|x64.Build.0 = Debug|Any CPU
		{FACBCCFF-C032-45D2-B3DB-463BE6C3CD34}.Debug|x86.ActiveCfg = Debug|Any CPU
		{FACBCCFF-C032-45D2-B3DB-463BE6C3CD34}.Debug|x86.Build.0 = Debug|Any CPU
		{FACBCCFF-C032-45D2-B3DB-463BE6C3CD34}.Release|Any CPU.ActiveCfg = Release|Any CPU
		{FACBCCFF-C032-45D2-B3DB-463BE6C3CD34}.Release|Any CPU.Build.0 = Release|Any CPU
		{FACBCCFF-C032-45D2-B3DB-463BE6C3CD34}.Release|x64.ActiveCfg = Release|Any CPU
		{FACBCCFF-C032-45D2-B3DB-463BE6C3CD34}.Release|x64.Build.0 = Release|Any CPU
		{FACBCCFF-C032-45D2-B3DB-463BE6C3CD34}.Release|x86.ActiveCfg = Release|Any CPU
		{FACBCCFF-C032-45D2-B3DB-463BE6C3CD34}.Release|x86.Build.0 = Release|Any CPU
		{CA322CDB-A654-4539-8B48-38CA4DF3DBCF}.Debug|Any CPU.ActiveCfg = Debug|Any CPU
		{CA322CDB-A654-4539-8B48-38CA4DF3DBCF}.Debug|Any CPU.Build.0 = Debug|Any CPU
		{CA322CDB-A654-4539-8B48-38CA4DF3DBCF}.Debug|x64.ActiveCfg = Debug|Any CPU
		{CA322CDB-A654-4539-8B48-38CA4DF3DBCF}.Debug|x64.Build.0 = Debug|Any CPU
		{CA322CDB-A654-4539-8B48-38CA4DF3DBCF}.Debug|x86.ActiveCfg = Debug|Any CPU
		{CA322CDB-A654-4539-8B48-38CA4DF3DBCF}.Debug|x86.Build.0 = Debug|Any CPU
		{CA322CDB-A654-4539-8B48-38CA4DF3DBCF}.Release|Any CPU.ActiveCfg = Release|Any CPU
		{CA322CDB-A654-4539-8B48-38CA4DF3DBCF}.Release|Any CPU.Build.0 = Release|Any CPU
		{CA322CDB-A654-4539-8B48-38CA4DF3DBCF}.Release|x64.ActiveCfg = Release|Any CPU
		{CA322CDB-A654-4539-8B48-38CA4DF3DBCF}.Release|x64.Build.0 = Release|Any CPU
		{CA322CDB-A654-4539-8B48-38CA4DF3DBCF}.Release|x86.ActiveCfg = Release|Any CPU
		{CA322CDB-A654-4539-8B48-38CA4DF3DBCF}.Release|x86.Build.0 = Release|Any CPU
		{18C08E35-F5C5-413B-9D78-B2E4A72764F7}.Debug|Any CPU.ActiveCfg = Debug|Any CPU
		{18C08E35-F5C5-413B-9D78-B2E4A72764F7}.Debug|Any CPU.Build.0 = Debug|Any CPU
		{18C08E35-F5C5-413B-9D78-B2E4A72764F7}.Debug|x64.ActiveCfg = Debug|Any CPU
		{18C08E35-F5C5-413B-9D78-B2E4A72764F7}.Debug|x64.Build.0 = Debug|Any CPU
		{18C08E35-F5C5-413B-9D78-B2E4A72764F7}.Debug|x86.ActiveCfg = Debug|Any CPU
		{18C08E35-F5C5-413B-9D78-B2E4A72764F7}.Debug|x86.Build.0 = Debug|Any CPU
		{18C08E35-F5C5-413B-9D78-B2E4A72764F7}.Release|Any CPU.ActiveCfg = Release|Any CPU
		{18C08E35-F5C5-413B-9D78-B2E4A72764F7}.Release|Any CPU.Build.0 = Release|Any CPU
		{18C08E35-F5C5-413B-9D78-B2E4A72764F7}.Release|x64.ActiveCfg = Release|Any CPU
		{18C08E35-F5C5-413B-9D78-B2E4A72764F7}.Release|x64.Build.0 = Release|Any CPU
		{18C08E35-F5C5-413B-9D78-B2E4A72764F7}.Release|x86.ActiveCfg = Release|Any CPU
		{18C08E35-F5C5-413B-9D78-B2E4A72764F7}.Release|x86.Build.0 = Release|Any CPU
		{CA3FA863-6FB6-4348-98B8-6E4E2A4B07C1}.Debug|Any CPU.ActiveCfg = Debug|Any CPU
		{CA3FA863-6FB6-4348-98B8-6E4E2A4B07C1}.Debug|Any CPU.Build.0 = Debug|Any CPU
		{CA3FA863-6FB6-4348-98B8-6E4E2A4B07C1}.Debug|x64.ActiveCfg = Debug|Any CPU
		{CA3FA863-6FB6-4348-98B8-6E4E2A4B07C1}.Debug|x64.Build.0 = Debug|Any CPU
		{CA3FA863-6FB6-4348-98B8-6E4E2A4B07C1}.Debug|x86.ActiveCfg = Debug|Any CPU
		{CA3FA863-6FB6-4348-98B8-6E4E2A4B07C1}.Debug|x86.Build.0 = Debug|Any CPU
		{CA3FA863-6FB6-4348-98B8-6E4E2A4B07C1}.Release|Any CPU.ActiveCfg = Release|Any CPU
		{CA3FA863-6FB6-4348-98B8-6E4E2A4B07C1}.Release|Any CPU.Build.0 = Release|Any CPU
		{CA3FA863-6FB6-4348-98B8-6E4E2A4B07C1}.Release|x64.ActiveCfg = Release|Any CPU
		{CA3FA863-6FB6-4348-98B8-6E4E2A4B07C1}.Release|x64.Build.0 = Release|Any CPU
		{CA3FA863-6FB6-4348-98B8-6E4E2A4B07C1}.Release|x86.ActiveCfg = Release|Any CPU
		{CA3FA863-6FB6-4348-98B8-6E4E2A4B07C1}.Release|x86.Build.0 = Release|Any CPU
	EndGlobalSection
EndGlobal
